// !$*UTF8*$!
{
	archiveVersion = 1;
	classes = {
	};
	objectVersion = 55;
	objects = {

/* Begin PBXBuildFile section */
		144D699128AC1F6E006243DD /* AppDelegate.swift in Sources */ = {isa = PBXBuildFile; fileRef = 144D699028AC1F6E006243DD /* AppDelegate.swift */; };
		144D699328AC1F6E006243DD /* SceneDelegate.swift in Sources */ = {isa = PBXBuildFile; fileRef = 144D699228AC1F6E006243DD /* SceneDelegate.swift */; };
		144D699528AC1F6E006243DD /* ViewController.swift in Sources */ = {isa = PBXBuildFile; fileRef = 144D699428AC1F6E006243DD /* ViewController.swift */; };
		144D699828AC1F6E006243DD /* Main.storyboard in Resources */ = {isa = PBXBuildFile; fileRef = 144D699628AC1F6E006243DD /* Main.storyboard */; };
		144D699B28AC1F6E006243DD /* MapCoreLocation.xcdatamodeld in Sources */ = {isa = PBXBuildFile; fileRef = 144D699928AC1F6E006243DD /* MapCoreLocation.xcdatamodeld */; };
		144D699D28AC1F73006243DD /* Assets.xcassets in Resources */ = {isa = PBXBuildFile; fileRef = 144D699C28AC1F73006243DD /* Assets.xcassets */; };
		144D69A028AC1F73006243DD /* LaunchScreen.storyboard in Resources */ = {isa = PBXBuildFile; fileRef = 144D699E28AC1F73006243DD /* LaunchScreen.storyboard */; };
		144D69AB28AC1F73006243DD /* MapCoreLocationTests.swift in Sources */ = {isa = PBXBuildFile; fileRef = 144D69AA28AC1F73006243DD /* MapCoreLocationTests.swift */; };
		144D69B528AC1F73006243DD /* MapCoreLocationUITests.swift in Sources */ = {isa = PBXBuildFile; fileRef = 144D69B428AC1F73006243DD /* MapCoreLocationUITests.swift */; };
		144D69B728AC1F73006243DD /* MapCoreLocationUITestsLaunchTests.swift in Sources */ = {isa = PBXBuildFile; fileRef = 144D69B628AC1F73006243DD /* MapCoreLocationUITestsLaunchTests.swift */; };
		144D69C528AC1FA6006243DD /* CoreLocation.framework in Frameworks */ = {isa = PBXBuildFile; fileRef = 144D69C428AC1FA6006243DD /* CoreLocation.framework */; };
/* End PBXBuildFile section */

/* Begin PBXContainerItemProxy section */
		144D69A728AC1F73006243DD /* PBXContainerItemProxy */ = {
			isa = PBXContainerItemProxy;
			containerPortal = 144D698528AC1F6E006243DD /* Project object */;
			proxyType = 1;
			remoteGlobalIDString = 144D698C28AC1F6E006243DD;
			remoteInfo = MapCoreLocation;
		};
		144D69B128AC1F73006243DD /* PBXContainerItemProxy */ = {
			isa = PBXContainerItemProxy;
			containerPortal = 144D698528AC1F6E006243DD /* Project object */;
			proxyType = 1;
			remoteGlobalIDString = 144D698C28AC1F6E006243DD;
			remoteInfo = MapCoreLocation;
		};
/* End PBXContainerItemProxy section */

/* Begin PBXFileReference section */
		144D698D28AC1F6E006243DD /* MapCoreLocation.app */ = {isa = PBXFileReference; explicitFileType = wrapper.application; includeInIndex = 0; path = MapCoreLocation.app; sourceTree = BUILT_PRODUCTS_DIR; };
		144D699028AC1F6E006243DD /* AppDelegate.swift */ = {isa = PBXFileReference; lastKnownFileType = sourcecode.swift; path = AppDelegate.swift; sourceTree = "<group>"; };
		144D699228AC1F6E006243DD /* SceneDelegate.swift */ = {isa = PBXFileReference; lastKnownFileType = sourcecode.swift; path = SceneDelegate.swift; sourceTree = "<group>"; };
		144D699428AC1F6E006243DD /* ViewController.swift */ = {isa = PBXFileReference; lastKnownFileType = sourcecode.swift; path = ViewController.swift; sourceTree = "<group>"; };
		144D699728AC1F6E006243DD /* Base */ = {isa = PBXFileReference; lastKnownFileType = file.storyboard; name = Base; path = Base.lproj/Main.storyboard; sourceTree = "<group>"; };
		144D699A28AC1F6E006243DD /* MapCoreLocation.xcdatamodel */ = {isa = PBXFileReference; lastKnownFileType = wrapper.xcdatamodel; path = MapCoreLocation.xcdatamodel; sourceTree = "<group>"; };
		144D699C28AC1F73006243DD /* Assets.xcassets */ = {isa = PBXFileReference; lastKnownFileType = folder.assetcatalog; path = Assets.xcassets; sourceTree = "<group>"; };
		144D699F28AC1F73006243DD /* Base */ = {isa = PBXFileReference; lastKnownFileType = file.storyboard; name = Base; path = Base.lproj/LaunchScreen.storyboard; sourceTree = "<group>"; };
		144D69A128AC1F73006243DD /* Info.plist */ = {isa = PBXFileReference; lastKnownFileType = text.plist.xml; path = Info.plist; sourceTree = "<group>"; };
		144D69A628AC1F73006243DD /* MapCoreLocationTests.xctest */ = {isa = PBXFileReference; explicitFileType = wrapper.cfbundle; includeInIndex = 0; path = MapCoreLocationTests.xctest; sourceTree = BUILT_PRODUCTS_DIR; };
		144D69AA28AC1F73006243DD /* MapCoreLocationTests.swift */ = {isa = PBXFileReference; lastKnownFileType = sourcecode.swift; path = MapCoreLocationTests.swift; sourceTree = "<group>"; };
		144D69B028AC1F73006243DD /* MapCoreLocationUITests.xctest */ = {isa = PBXFileReference; explicitFileType = wrapper.cfbundle; includeInIndex = 0; path = MapCoreLocationUITests.xctest; sourceTree = BUILT_PRODUCTS_DIR; };
		144D69B428AC1F73006243DD /* MapCoreLocationUITests.swift */ = {isa = PBXFileReference; lastKnownFileType = sourcecode.swift; path = MapCoreLocationUITests.swift; sourceTree = "<group>"; };
		144D69B628AC1F73006243DD /* MapCoreLocationUITestsLaunchTests.swift */ = {isa = PBXFileReference; lastKnownFileType = sourcecode.swift; path = MapCoreLocationUITestsLaunchTests.swift; sourceTree = "<group>"; };
		144D69C428AC1FA6006243DD /* CoreLocation.framework */ = {isa = PBXFileReference; lastKnownFileType = wrapper.framework; name = CoreLocation.framework; path = System/Library/Frameworks/CoreLocation.framework; sourceTree = SDKROOT; };
/* End PBXFileReference section */

/* Begin PBXFrameworksBuildPhase section */
		144D698A28AC1F6E006243DD /* Frameworks */ = {
			isa = PBXFrameworksBuildPhase;
			buildActionMask = 2147483647;
			files = (
				144D69C528AC1FA6006243DD /* CoreLocation.framework in Frameworks */,
			);
			runOnlyForDeploymentPostprocessing = 0;
		};
		144D69A328AC1F73006243DD /* Frameworks */ = {
			isa = PBXFrameworksBuildPhase;
			buildActionMask = 2147483647;
			files = (
			);
			runOnlyForDeploymentPostprocessing = 0;
		};
		144D69AD28AC1F73006243DD /* Frameworks */ = {
			isa = PBXFrameworksBuildPhase;
			buildActionMask = 2147483647;
			files = (
			);
			runOnlyForDeploymentPostprocessing = 0;
		};
/* End PBXFrameworksBuildPhase section */

/* Begin PBXGroup section */
		144D698428AC1F6E006243DD = {
			isa = PBXGroup;
			children = (
				144D698F28AC1F6E006243DD /* MapCoreLocation */,
				144D69A928AC1F73006243DD /* MapCoreLocationTests */,
				144D69B328AC1F73006243DD /* MapCoreLocationUITests */,
				144D698E28AC1F6E006243DD /* Products */,
				144D69C328AC1FA5006243DD /* Frameworks */,
			);
			sourceTree = "<group>";
		};
		144D698E28AC1F6E006243DD /* Products */ = {
			isa = PBXGroup;
			children = (
				144D698D28AC1F6E006243DD /* MapCoreLocation.app */,
				144D69A628AC1F73006243DD /* MapCoreLocationTests.xctest */,
				144D69B028AC1F73006243DD /* MapCoreLocationUITests.xctest */,
			);
			name = Products;
			sourceTree = "<group>";
		};
		144D698F28AC1F6E006243DD /* MapCoreLocation */ = {
			isa = PBXGroup;
			children = (
				144D699028AC1F6E006243DD /* AppDelegate.swift */,
				144D699228AC1F6E006243DD /* SceneDelegate.swift */,
				144D699428AC1F6E006243DD /* ViewController.swift */,
				144D699628AC1F6E006243DD /* Main.storyboard */,
				144D699C28AC1F73006243DD /* Assets.xcassets */,
				144D699E28AC1F73006243DD /* LaunchScreen.storyboard */,
				144D69A128AC1F73006243DD /* Info.plist */,
				144D699928AC1F6E006243DD /* MapCoreLocation.xcdatamodeld */,
			);
			path = MapCoreLocation;
			sourceTree = "<group>";
		};
		144D69A928AC1F73006243DD /* MapCoreLocationTests */ = {
			isa = PBXGroup;
			children = (
				144D69AA28AC1F73006243DD /* MapCoreLocationTests.swift */,
			);
			path = MapCoreLocationTests;
			sourceTree = "<group>";
		};
		144D69B328AC1F73006243DD /* MapCoreLocationUITests */ = {
			isa = PBXGroup;
			children = (
				144D69B428AC1F73006243DD /* MapCoreLocationUITests.swift */,
				144D69B628AC1F73006243DD /* MapCoreLocationUITestsLaunchTests.swift */,
			);
			path = MapCoreLocationUITests;
			sourceTree = "<group>";
		};
		144D69C328AC1FA5006243DD /* Frameworks */ = {
			isa = PBXGroup;
			children = (
				144D69C428AC1FA6006243DD /* CoreLocation.framework */,
			);
			name = Frameworks;
			sourceTree = "<group>";
		};
/* End PBXGroup section */

/* Begin PBXNativeTarget section */
		144D698C28AC1F6E006243DD /* MapCoreLocation */ = {
			isa = PBXNativeTarget;
			buildConfigurationList = 144D69BA28AC1F73006243DD /* Build configuration list for PBXNativeTarget "MapCoreLocation" */;
			buildPhases = (
				144D698928AC1F6E006243DD /* Sources */,
				144D698A28AC1F6E006243DD /* Frameworks */,
				144D698B28AC1F6E006243DD /* Resources */,
			);
			buildRules = (
			);
			dependencies = (
			);
			name = MapCoreLocation;
			productName = MapCoreLocation;
			productReference = 144D698D28AC1F6E006243DD /* MapCoreLocation.app */;
			productType = "com.apple.product-type.application";
		};
		144D69A528AC1F73006243DD /* MapCoreLocationTests */ = {
			isa = PBXNativeTarget;
			buildConfigurationList = 144D69BD28AC1F73006243DD /* Build configuration list for PBXNativeTarget "MapCoreLocationTests" */;
			buildPhases = (
				144D69A228AC1F73006243DD /* Sources */,
				144D69A328AC1F73006243DD /* Frameworks */,
				144D69A428AC1F73006243DD /* Resources */,
			);
			buildRules = (
			);
			dependencies = (
				144D69A828AC1F73006243DD /* PBXTargetDependency */,
			);
			name = MapCoreLocationTests;
			productName = MapCoreLocationTests;
			productReference = 144D69A628AC1F73006243DD /* MapCoreLocationTests.xctest */;
			productType = "com.apple.product-type.bundle.unit-test";
		};
		144D69AF28AC1F73006243DD /* MapCoreLocationUITests */ = {
			isa = PBXNativeTarget;
			buildConfigurationList = 144D69C028AC1F73006243DD /* Build configuration list for PBXNativeTarget "MapCoreLocationUITests" */;
			buildPhases = (
				144D69AC28AC1F73006243DD /* Sources */,
				144D69AD28AC1F73006243DD /* Frameworks */,
				144D69AE28AC1F73006243DD /* Resources */,
			);
			buildRules = (
			);
			dependencies = (
				144D69B228AC1F73006243DD /* PBXTargetDependency */,
			);
			name = MapCoreLocationUITests;
			productName = MapCoreLocationUITests;
			productReference = 144D69B028AC1F73006243DD /* MapCoreLocationUITests.xctest */;
			productType = "com.apple.product-type.bundle.ui-testing";
		};
/* End PBXNativeTarget section */

/* Begin PBXProject section */
		144D698528AC1F6E006243DD /* Project object */ = {
			isa = PBXProject;
			attributes = {
				BuildIndependentTargetsInParallel = 1;
				LastSwiftUpdateCheck = 1340;
				LastUpgradeCheck = 1340;
				TargetAttributes = {
					144D698C28AC1F6E006243DD = {
						CreatedOnToolsVersion = 13.4.1;
					};
					144D69A528AC1F73006243DD = {
						CreatedOnToolsVersion = 13.4.1;
						TestTargetID = 144D698C28AC1F6E006243DD;
					};
					144D69AF28AC1F73006243DD = {
						CreatedOnToolsVersion = 13.4.1;
						TestTargetID = 144D698C28AC1F6E006243DD;
					};
				};
			};
			buildConfigurationList = 144D698828AC1F6E006243DD /* Build configuration list for PBXProject "MapCoreLocation" */;
			compatibilityVersion = "Xcode 13.0";
			developmentRegion = en;
			hasScannedForEncodings = 0;
			knownRegions = (
				en,
				Base,
			);
			mainGroup = 144D698428AC1F6E006243DD;
			productRefGroup = 144D698E28AC1F6E006243DD /* Products */;
			projectDirPath = "";
			projectRoot = "";
			targets = (
				144D698C28AC1F6E006243DD /* MapCoreLocation */,
				144D69A528AC1F73006243DD /* MapCoreLocationTests */,
				144D69AF28AC1F73006243DD /* MapCoreLocationUITests */,
			);
		};
/* End PBXProject section */

/* Begin PBXResourcesBuildPhase section */
		144D698B28AC1F6E006243DD /* Resources */ = {
			isa = PBXResourcesBuildPhase;
			buildActionMask = 2147483647;
			files = (
				144D69A028AC1F73006243DD /* LaunchScreen.storyboard in Resources */,
				144D699D28AC1F73006243DD /* Assets.xcassets in Resources */,
				144D699828AC1F6E006243DD /* Main.storyboard in Resources */,
			);
			runOnlyForDeploymentPostprocessing = 0;
		};
		144D69A428AC1F73006243DD /* Resources */ = {
			isa = PBXResourcesBuildPhase;
			buildActionMask = 2147483647;
			files = (
			);
			runOnlyForDeploymentPostprocessing = 0;
		};
		144D69AE28AC1F73006243DD /* Resources */ = {
			isa = PBXResourcesBuildPhase;
			buildActionMask = 2147483647;
			files = (
			);
			runOnlyForDeploymentPostprocessing = 0;
		};
/* End PBXResourcesBuildPhase section */

/* Begin PBXSourcesBuildPhase section */
		144D698928AC1F6E006243DD /* Sources */ = {
			isa = PBXSourcesBuildPhase;
			buildActionMask = 2147483647;
			files = (
				144D699B28AC1F6E006243DD /* MapCoreLocation.xcdatamodeld in Sources */,
				144D699528AC1F6E006243DD /* ViewController.swift in Sources */,
				144D699128AC1F6E006243DD /* AppDelegate.swift in Sources */,
				144D699328AC1F6E006243DD /* SceneDelegate.swift in Sources */,
			);
			runOnlyForDeploymentPostprocessing = 0;
		};
		144D69A228AC1F73006243DD /* Sources */ = {
			isa = PBXSourcesBuildPhase;
			buildActionMask = 2147483647;
			files = (
				144D69AB28AC1F73006243DD /* MapCoreLocationTests.swift in Sources */,
			);
			runOnlyForDeploymentPostprocessing = 0;
		};
		144D69AC28AC1F73006243DD /* Sources */ = {
			isa = PBXSourcesBuildPhase;
			buildActionMask = 2147483647;
			files = (
				144D69B528AC1F73006243DD /* MapCoreLocationUITests.swift in Sources */,
				144D69B728AC1F73006243DD /* MapCoreLocationUITestsLaunchTests.swift in Sources */,
			);
			runOnlyForDeploymentPostprocessing = 0;
		};
/* End PBXSourcesBuildPhase section */

/* Begin PBXTargetDependency section */
		144D69A828AC1F73006243DD /* PBXTargetDependency */ = {
			isa = PBXTargetDependency;
			target = 144D698C28AC1F6E006243DD /* MapCoreLocation */;
			targetProxy = 144D69A728AC1F73006243DD /* PBXContainerItemProxy */;
		};
		144D69B228AC1F73006243DD /* PBXTargetDependency */ = {
			isa = PBXTargetDependency;
			target = 144D698C28AC1F6E006243DD /* MapCoreLocation */;
			targetProxy = 144D69B128AC1F73006243DD /* PBXContainerItemProxy */;
		};
/* End PBXTargetDependency section */

/* Begin PBXVariantGroup section */
		144D699628AC1F6E006243DD /* Main.storyboard */ = {
			isa = PBXVariantGroup;
			children = (
				144D699728AC1F6E006243DD /* Base */,
			);
			name = Main.storyboard;
			sourceTree = "<group>";
		};
		144D699E28AC1F73006243DD /* LaunchScreen.storyboard */ = {
			isa = PBXVariantGroup;
			children = (
				144D699F28AC1F73006243DD /* Base */,
			);
			name = LaunchScreen.storyboard;
			sourceTree = "<group>";
		};
/* End PBXVariantGroup section */

/* Begin XCBuildConfiguration section */
		144D69B828AC1F73006243DD /* Debug */ = {
			isa = XCBuildConfiguration;
			buildSettings = {
				ALWAYS_SEARCH_USER_PATHS = NO;
				CLANG_ANALYZER_NONNULL = YES;
				CLANG_ANALYZER_NUMBER_OBJECT_CONVERSION = YES_AGGRESSIVE;
				CLANG_CXX_LANGUAGE_STANDARD = "gnu++17";
				CLANG_ENABLE_MODULES = YES;
				CLANG_ENABLE_OBJC_ARC = YES;
				CLANG_ENABLE_OBJC_WEAK = YES;
				CLANG_WARN_BLOCK_CAPTURE_AUTORELEASING = YES;
				CLANG_WARN_BOOL_CONVERSION = YES;
				CLANG_WARN_COMMA = YES;
				CLANG_WARN_CONSTANT_CONVERSION = YES;
				CLANG_WARN_DEPRECATED_OBJC_IMPLEMENTATIONS = YES;
				CLANG_WARN_DIRECT_OBJC_ISA_USAGE = YES_ERROR;
				CLANG_WARN_DOCUMENTATION_COMMENTS = YES;
				CLANG_WARN_EMPTY_BODY = YES;
				CLANG_WARN_ENUM_CONVERSION = YES;
				CLANG_WARN_INFINITE_RECURSION = YES;
				CLANG_WARN_INT_CONVERSION = YES;
				CLANG_WARN_NON_LITERAL_NULL_CONVERSION = YES;
				CLANG_WARN_OBJC_IMPLICIT_RETAIN_SELF = YES;
				CLANG_WARN_OBJC_LITERAL_CONVERSION = YES;
				CLANG_WARN_OBJC_ROOT_CLASS = YES_ERROR;
				CLANG_WARN_QUOTED_INCLUDE_IN_FRAMEWORK_HEADER = YES;
				CLANG_WARN_RANGE_LOOP_ANALYSIS = YES;
				CLANG_WARN_STRICT_PROTOTYPES = YES;
				CLANG_WARN_SUSPICIOUS_MOVE = YES;
				CLANG_WARN_UNGUARDED_AVAILABILITY = YES_AGGRESSIVE;
				CLANG_WARN_UNREACHABLE_CODE = YES;
				CLANG_WARN__DUPLICATE_METHOD_MATCH = YES;
				COPY_PHASE_STRIP = NO;
				DEBUG_INFORMATION_FORMAT = dwarf;
				ENABLE_STRICT_OBJC_MSGSEND = YES;
				ENABLE_TESTABILITY = YES;
				GCC_C_LANGUAGE_STANDARD = gnu11;
				GCC_DYNAMIC_NO_PIC = NO;
				GCC_NO_COMMON_BLOCKS = YES;
				GCC_OPTIMIZATION_LEVEL = 0;
				GCC_PREPROCESSOR_DEFINITIONS = (
					"DEBUG=1",
					"$(inherited)",
				);
				GCC_WARN_64_TO_32_BIT_CONVERSION = YES;
				GCC_WARN_ABOUT_RETURN_TYPE = YES_ERROR;
				GCC_WARN_UNDECLARED_SELECTOR = YES;
				GCC_WARN_UNINITIALIZED_AUTOS = YES_AGGRESSIVE;
				GCC_WARN_UNUSED_FUNCTION = YES;
				GCC_WARN_UNUSED_VARIABLE = YES;
				IPHONEOS_DEPLOYMENT_TARGET = 15.5;
				MTL_ENABLE_DEBUG_INFO = INCLUDE_SOURCE;
				MTL_FAST_MATH = YES;
				ONLY_ACTIVE_ARCH = YES;
				SDKROOT = iphoneos;
				SWIFT_ACTIVE_COMPILATION_CONDITIONS = DEBUG;
				SWIFT_OPTIMIZATION_LEVEL = "-Onone";
			};
			name = Debug;
		};
		144D69B928AC1F73006243DD /* Release */ = {
			isa = XCBuildConfiguration;
			buildSettings = {
				ALWAYS_SEARCH_USER_PATHS = NO;
				CLANG_ANALYZER_NONNULL = YES;
				CLANG_ANALYZER_NUMBER_OBJECT_CONVERSION = YES_AGGRESSIVE;
				CLANG_CXX_LANGUAGE_STANDARD = "gnu++17";
				CLANG_ENABLE_MODULES = YES;
				CLANG_ENABLE_OBJC_ARC = YES;
				CLANG_ENABLE_OBJC_WEAK = YES;
				CLANG_WARN_BLOCK_CAPTURE_AUTORELEASING = YES;
				CLANG_WARN_BOOL_CONVERSION = YES;
				CLANG_WARN_COMMA = YES;
				CLANG_WARN_CONSTANT_CONVERSION = YES;
				CLANG_WARN_DEPRECATED_OBJC_IMPLEMENTATIONS = YES;
				CLANG_WARN_DIRECT_OBJC_ISA_USAGE = YES_ERROR;
				CLANG_WARN_DOCUMENTATION_COMMENTS = YES;
				CLANG_WARN_EMPTY_BODY = YES;
				CLANG_WARN_ENUM_CONVERSION = YES;
				CLANG_WARN_INFINITE_RECURSION = YES;
				CLANG_WARN_INT_CONVERSION = YES;
				CLANG_WARN_NON_LITERAL_NULL_CONVERSION = YES;
				CLANG_WARN_OBJC_IMPLICIT_RETAIN_SELF = YES;
				CLANG_WARN_OBJC_LITERAL_CONVERSION = YES;
				CLANG_WARN_OBJC_ROOT_CLASS = YES_ERROR;
				CLANG_WARN_QUOTED_INCLUDE_IN_FRAMEWORK_HEADER = YES;
				CLANG_WARN_RANGE_LOOP_ANALYSIS = YES;
				CLANG_WARN_STRICT_PROTOTYPES = YES;
				CLANG_WARN_SUSPICIOUS_MOVE = YES;
				CLANG_WARN_UNGUARDED_AVAILABILITY = YES_AGGRESSIVE;
				CLANG_WARN_UNREACHABLE_CODE = YES;
				CLANG_WARN__DUPLICATE_METHOD_MATCH = YES;
				COPY_PHASE_STRIP = NO;
				DEBUG_INFORMATION_FORMAT = "dwarf-with-dsym";
				ENABLE_NS_ASSERTIONS = NO;
				ENABLE_STRICT_OBJC_MSGSEND = YES;
				GCC_C_LANGUAGE_STANDARD = gnu11;
				GCC_NO_COMMON_BLOCKS = YES;
				GCC_WARN_64_TO_32_BIT_CONVERSION = YES;
				GCC_WARN_ABOUT_RETURN_TYPE = YES_ERROR;
				GCC_WARN_UNDECLARED_SELECTOR = YES;
				GCC_WARN_UNINITIALIZED_AUTOS = YES_AGGRESSIVE;
				GCC_WARN_UNUSED_FUNCTION = YES;
				GCC_WARN_UNUSED_VARIABLE = YES;
				IPHONEOS_DEPLOYMENT_TARGET = 15.5;
				MTL_ENABLE_DEBUG_INFO = NO;
				MTL_FAST_MATH = YES;
				SDKROOT = iphoneos;
				SWIFT_COMPILATION_MODE = wholemodule;
				SWIFT_OPTIMIZATION_LEVEL = "-O";
				VALIDATE_PRODUCT = YES;
			};
			name = Release;
		};
		144D69BB28AC1F73006243DD /* Debug */ = {
			isa = XCBuildConfiguration;
			buildSettings = {
				ASSETCATALOG_COMPILER_APPICON_NAME = AppIcon;
				ASSETCATALOG_COMPILER_GLOBAL_ACCENT_COLOR_NAME = AccentColor;
				CODE_SIGN_STYLE = Automatic;
				CURRENT_PROJECT_VERSION = 1;
				DEVELOPMENT_TEAM = 6DV7YZY2XY;
				GENERATE_INFOPLIST_FILE = YES;
				INFOPLIST_FILE = MapCoreLocation/Info.plist;
				INFOPLIST_KEY_UIApplicationSupportsIndirectInputEvents = YES;
				INFOPLIST_KEY_UILaunchStoryboardName = LaunchScreen;
				INFOPLIST_KEY_UIMainStoryboardFile = Main;
				INFOPLIST_KEY_UISupportedInterfaceOrientations_iPad = "UIInterfaceOrientationPortrait UIInterfaceOrientationPortraitUpsideDown UIInterfaceOrientationLandscapeLeft UIInterfaceOrientationLandscapeRight";
				INFOPLIST_KEY_UISupportedInterfaceOrientations_iPhone = "UIInterfaceOrientationPortrait UIInterfaceOrientationLandscapeLeft UIInterfaceOrientationLandscapeRight";
				LD_RUNPATH_SEARCH_PATHS = (
					"$(inherited)",
					"@executable_path/Frameworks",
				);
				MARKETING_VERSION = 1.0;
				PRODUCT_BUNDLE_IDENTIFIER = com.metinemre.MapCoreLocation;
				PRODUCT_NAME = "$(TARGET_NAME)";
				SWIFT_EMIT_LOC_STRINGS = YES;
				SWIFT_VERSION = 5.0;
				TARGETED_DEVICE_FAMILY = "1,2";
			};
			name = Debug;
		};
		144D69BC28AC1F73006243DD /* Release */ = {
			isa = XCBuildConfiguration;
			buildSettings = {
				ASSETCATALOG_COMPILER_APPICON_NAME = AppIcon;
				ASSETCATALOG_COMPILER_GLOBAL_ACCENT_COLOR_NAME = AccentColor;
				CODE_SIGN_STYLE = Automatic;
				CURRENT_PROJECT_VERSION = 1;
				DEVELOPMENT_TEAM = 6DV7YZY2XY;
				GENERATE_INFOPLIST_FILE = YES;
				INFOPLIST_FILE = MapCoreLocation/Info.plist;
				INFOPLIST_KEY_UIApplicationSupportsIndirectInputEvents = YES;
				INFOPLIST_KEY_UILaunchStoryboardName = LaunchScreen;
				INFOPLIST_KEY_UIMainStoryboardFile = Main;
				INFOPLIST_KEY_UISupportedInterfaceOrientations_iPad = "UIInterfaceOrientationPortrait UIInterfaceOrientationPortraitUpsideDown UIInterfaceOrientationLandscapeLeft UIInterfaceOrientationLandscapeRight";
				INFOPLIST_KEY_UISupportedInterfaceOrientations_iPhone = "UIInterfaceOrientationPortrait UIInterfaceOrientationLandscapeLeft UIInterfaceOrientationLandscapeRight";
				LD_RUNPATH_SEARCH_PATHS = (
					"$(inherited)",
					"@executable_path/Frameworks",
				);
				MARKETING_VERSION = 1.0;
				PRODUCT_BUNDLE_IDENTIFIER = com.metinemre.MapCoreLocation;
				PRODUCT_NAME = "$(TARGET_NAME)";
				SWIFT_EMIT_LOC_STRINGS = YES;
				SWIFT_VERSION = 5.0;
				TARGETED_DEVICE_FAMILY = "1,2";
			};
			name = Release;
		};
		144D69BE28AC1F73006243DD /* Debug */ = {
			isa = XCBuildConfiguration;
			buildSettings = {
				ALWAYS_EMBED_SWIFT_STANDARD_LIBRARIES = YES;
				BUNDLE_LOADER = "$(TEST_HOST)";
				CODE_SIGN_STYLE = Automatic;
				CURRENT_PROJECT_VERSION = 1;
				DEVELOPMENT_TEAM = 6DV7YZY2XY;
				GENERATE_INFOPLIST_FILE = YES;
				IPHONEOS_DEPLOYMENT_TARGET = 15.5;
				MARKETING_VERSION = 1.0;
				PRODUCT_BUNDLE_IDENTIFIER = com.metinemre.MapCoreLocationTests;
				PRODUCT_NAME = "$(TARGET_NAME)";
				SWIFT_EMIT_LOC_STRINGS = NO;
				SWIFT_VERSION = 5.0;
				TARGETED_DEVICE_FAMILY = "1,2";
				TEST_HOST = "$(BUILT_PRODUCTS_DIR)/MapCoreLocation.app/MapCoreLocation";
			};
			name = Debug;
		};
		144D69BF28AC1F73006243DD /* Release */ = {
			isa = XCBuildConfiguration;
			buildSettings = {
				ALWAYS_EMBED_SWIFT_STANDARD_LIBRARIES = YES;
				BUNDLE_LOADER = "$(TEST_HOST)";
				CODE_SIGN_STYLE = Automatic;
				CURRENT_PROJECT_VERSION = 1;
				DEVELOPMENT_TEAM = 6DV7YZY2XY;
				GENERATE_INFOPLIST_FILE = YES;
				IPHONEOS_DEPLOYMENT_TARGET = 15.5;
				MARKETING_VERSION = 1.0;
				PRODUCT_BUNDLE_IDENTIFIER = com.metinemre.MapCoreLocationTests;
				PRODUCT_NAME = "$(TARGET_NAME)";
				SWIFT_EMIT_LOC_STRINGS = NO;
				SWIFT_VERSION = 5.0;
				TARGETED_DEVICE_FAMILY = "1,2";
				TEST_HOST = "$(BUILT_PRODUCTS_DIR)/MapCoreLocation.app/MapCoreLocation";
			};
			name = Release;
		};
		144D69C128AC1F73006243DD /* Debug */ = {
			isa = XCBuildConfiguration;
			buildSettings = {
				ALWAYS_EMBED_SWIFT_STANDARD_LIBRARIES = YES;
				CODE_SIGN_STYLE = Automatic;
				CURRENT_PROJECT_VERSION = 1;
				DEVELOPMENT_TEAM = 6DV7YZY2XY;
				GENERATE_INFOPLIST_FILE = YES;
				MARKETING_VERSION = 1.0;
				PRODUCT_BUNDLE_IDENTIFIER = com.metinemre.MapCoreLocationUITests;
				PRODUCT_NAME = "$(TARGET_NAME)";
				SWIFT_EMIT_LOC_STRINGS = NO;
				SWIFT_VERSION = 5.0;
				TARGETED_DEVICE_FAMILY = "1,2";
				TEST_TARGET_NAME = MapCoreLocation;
			};
			name = Debug;
		};
		144D69C228AC1F73006243DD /* Release */ = {
			isa = XCBuildConfiguration;
			buildSettings = {
				ALWAYS_EMBED_SWIFT_STANDARD_LIBRARIES = YES;
				CODE_SIGN_STYLE = Automatic;
				CURRENT_PROJECT_VERSION = 1;
				DEVELOPMENT_TEAM = 6DV7YZY2XY;
				GENERATE_INFOPLIST_FILE = YES;
				MARKETING_VERSION = 1.0;
				PRODUCT_BUNDLE_IDENTIFIER = com.metinemre.MapCoreLocationUITests;
				PRODUCT_NAME = "$(TARGET_NAME)";
				SWIFT_EMIT_LOC_STRINGS = NO;
				SWIFT_VERSION = 5.0;
				TARGETED_DEVICE_FAMILY = "1,2";
				TEST_TARGET_NAME = MapCoreLocation;
			};
			name = Release;
		};
/* End XCBuildConfiguration section */

/* Begin XCConfigurationList section */
		144D698828AC1F6E006243DD /* Build configuration list for PBXProject "MapCoreLocation" */ = {
			isa = XCConfigurationList;
			buildConfigurations = (
				144D69B828AC1F73006243DD /* Debug */,
				144D69B928AC1F73006243DD /* Release */,
			);
			defaultConfigurationIsVisible = 0;
			defaultConfigurationName = Release;
		};
		144D69BA28AC1F73006243DD /* Build configuration list for PBXNativeTarget "MapCoreLocation" */ = {
			isa = XCConfigurationList;
			buildConfigurations = (
				144D69BB28AC1F73006243DD /* Debug */,
				144D69BC28AC1F73006243DD /* Release */,
			);
			defaultConfigurationIsVisible = 0;
			defaultConfigurationName = Release;
		};
		144D69BD28AC1F73006243DD /* Build configuration list for PBXNativeTarget "MapCoreLocationTests" */ = {
			isa = XCConfigurationList;
			buildConfigurations = (
				144D69BE28AC1F73006243DD /* Debug */,
				144D69BF28AC1F73006243DD /* Release */,
			);
			defaultConfigurationIsVisible = 0;
			defaultConfigurationName = Release;
		};
		144D69C028AC1F73006243DD /* Build configuration list for PBXNativeTarget "MapCoreLocationUITests" */ = {
			isa = XCConfigurationList;
			buildConfigurations = (
				144D69C128AC1F73006243DD /* Debug */,
				144D69C228AC1F73006243DD /* Release */,
			);
			defaultConfigurationIsVisible = 0;
			defaultConfigurationName = Release;
		};
/* End XCConfigurationList section */

/* Begin XCVersionGroup section */
		144D699928AC1F6E006243DD /* MapCoreLocation.xcdatamodeld */ = {
			isa = XCVersionGroup;
			children = (
				144D699A28AC1F6E006243DD /* MapCoreLocation.xcdatamodel */,
			);
			currentVersion = 144D699A28AC1F6E006243DD /* MapCoreLocation.xcdatamodel */;
			path = MapCoreLocation.xcdatamodeld;
			sourceTree = "<group>";
			versionGroupType = wrapper.xcdatamodel;
		};
/* End XCVersionGroup section */
	};
	rootObject = 144D698528AC1F6E006243DD /* Project object */;
}
